// !$*UTF8*$!
{
	archiveVersion = 1;
	classes = {
	};
	objectVersion = 56;
	objects = {

/* Begin PBXBuildFile section */
		DADAAD0B2A2A41CF00704A76 /* AppDelegate.swift in Sources */ = {isa = PBXBuildFile; fileRef = DADAAD0A2A2A41CF00704A76 /* AppDelegate.swift */; };
		DADAAD0D2A2A41CF00704A76 /* SceneDelegate.swift in Sources */ = {isa = PBXBuildFile; fileRef = DADAAD0C2A2A41CF00704A76 /* SceneDelegate.swift */; };
		DADAAD0F2A2A41CF00704A76 /* ViewController.swift in Sources */ = {isa = PBXBuildFile; fileRef = DADAAD0E2A2A41CF00704A76 /* ViewController.swift */; };
		DADAAD122A2A41CF00704A76 /* Main.storyboard in Resources */ = {isa = PBXBuildFile; fileRef = DADAAD102A2A41CF00704A76 /* Main.storyboard */; };
		DADAAD142A2A41D000704A76 /* Assets.xcassets in Resources */ = {isa = PBXBuildFile; fileRef = DADAAD132A2A41D000704A76 /* Assets.xcassets */; };
		DADAAD172A2A41D000704A76 /* LaunchScreen.storyboard in Resources */ = {isa = PBXBuildFile; fileRef = DADAAD152A2A41D000704A76 /* LaunchScreen.storyboard */; };
		DADAAD222A2A41D000704A76 /* ConverterTests.swift in Sources */ = {isa = PBXBuildFile; fileRef = DADAAD212A2A41D000704A76 /* ConverterTests.swift */; };
		DADAAD2C2A2A41D000704A76 /* ConverterUITests.swift in Sources */ = {isa = PBXBuildFile; fileRef = DADAAD2B2A2A41D000704A76 /* ConverterUITests.swift */; };
		DADAAD2E2A2A41D000704A76 /* ConverterUITestsLaunchTests.swift in Sources */ = {isa = PBXBuildFile; fileRef = DADAAD2D2A2A41D000704A76 /* ConverterUITestsLaunchTests.swift */; };
/* End PBXBuildFile section */

/* Begin PBXContainerItemProxy section */
		DADAAD1E2A2A41D000704A76 /* PBXContainerItemProxy */ = {
			isa = PBXContainerItemProxy;
			containerPortal = DADAACFF2A2A41CF00704A76 /* Project object */;
			proxyType = 1;
			remoteGlobalIDString = DADAAD062A2A41CF00704A76;
			remoteInfo = Converter;
		};
		DADAAD282A2A41D000704A76 /* PBXContainerItemProxy */ = {
			isa = PBXContainerItemProxy;
			containerPortal = DADAACFF2A2A41CF00704A76 /* Project object */;
			proxyType = 1;
			remoteGlobalIDString = DADAAD062A2A41CF00704A76;
			remoteInfo = Converter;
		};
/* End PBXContainerItemProxy section */

/* Begin PBXFileReference section */
		DADAAD072A2A41CF00704A76 /* Converter.app */ = {isa = PBXFileReference; explicitFileType = wrapper.application; includeInIndex = 0; path = Converter.app; sourceTree = BUILT_PRODUCTS_DIR; };
		DADAAD0A2A2A41CF00704A76 /* AppDelegate.swift */ = {isa = PBXFileReference; lastKnownFileType = sourcecode.swift; path = AppDelegate.swift; sourceTree = "<group>"; };
		DADAAD0C2A2A41CF00704A76 /* SceneDelegate.swift */ = {isa = PBXFileReference; lastKnownFileType = sourcecode.swift; path = SceneDelegate.swift; sourceTree = "<group>"; };
		DADAAD0E2A2A41CF00704A76 /* ViewController.swift */ = {isa = PBXFileReference; lastKnownFileType = sourcecode.swift; path = ViewController.swift; sourceTree = "<group>"; };
		DADAAD112A2A41CF00704A76 /* Base */ = {isa = PBXFileReference; lastKnownFileType = file.storyboard; name = Base; path = Base.lproj/Main.storyboard; sourceTree = "<group>"; };
		DADAAD132A2A41D000704A76 /* Assets.xcassets */ = {isa = PBXFileReference; lastKnownFileType = folder.assetcatalog; path = Assets.xcassets; sourceTree = "<group>"; };
		DADAAD162A2A41D000704A76 /* Base */ = {isa = PBXFileReference; lastKnownFileType = file.storyboard; name = Base; path = Base.lproj/LaunchScreen.storyboard; sourceTree = "<group>"; };
		DADAAD182A2A41D000704A76 /* Info.plist */ = {isa = PBXFileReference; lastKnownFileType = text.plist.xml; path = Info.plist; sourceTree = "<group>"; };
		DADAAD1D2A2A41D000704A76 /* ConverterTests.xctest */ = {isa = PBXFileReference; explicitFileType = wrapper.cfbundle; includeInIndex = 0; path = ConverterTests.xctest; sourceTree = BUILT_PRODUCTS_DIR; };
		DADAAD212A2A41D000704A76 /* ConverterTests.swift */ = {isa = PBXFileReference; lastKnownFileType = sourcecode.swift; path = ConverterTests.swift; sourceTree = "<group>"; };
		DADAAD272A2A41D000704A76 /* ConverterUITests.xctest */ = {isa = PBXFileReference; explicitFileType = wrapper.cfbundle; includeInIndex = 0; path = ConverterUITests.xctest; sourceTree = BUILT_PRODUCTS_DIR; };
		DADAAD2B2A2A41D000704A76 /* ConverterUITests.swift */ = {isa = PBXFileReference; lastKnownFileType = sourcecode.swift; path = ConverterUITests.swift; sourceTree = "<group>"; };
		DADAAD2D2A2A41D000704A76 /* ConverterUITestsLaunchTests.swift */ = {isa = PBXFileReference; lastKnownFileType = sourcecode.swift; path = ConverterUITestsLaunchTests.swift; sourceTree = "<group>"; };
/* End PBXFileReference section */

/* Begin PBXFrameworksBuildPhase section */
		DADAAD042A2A41CF00704A76 /* Frameworks */ = {
			isa = PBXFrameworksBuildPhase;
			buildActionMask = 2147483647;
			files = (
			);
			runOnlyForDeploymentPostprocessing = 0;
		};
		DADAAD1A2A2A41D000704A76 /* Frameworks */ = {
			isa = PBXFrameworksBuildPhase;
			buildActionMask = 2147483647;
			files = (
			);
			runOnlyForDeploymentPostprocessing = 0;
		};
		DADAAD242A2A41D000704A76 /* Frameworks */ = {
			isa = PBXFrameworksBuildPhase;
			buildActionMask = 2147483647;
			files = (
			);
			runOnlyForDeploymentPostprocessing = 0;
		};
/* End PBXFrameworksBuildPhase section */

/* Begin PBXGroup section */
		DADAACFE2A2A41CF00704A76 = {
			isa = PBXGroup;
			children = (
				DADAAD092A2A41CF00704A76 /* Converter */,
				DADAAD202A2A41D000704A76 /* ConverterTests */,
				DADAAD2A2A2A41D000704A76 /* ConverterUITests */,
				DADAAD082A2A41CF00704A76 /* Products */,
			);
			sourceTree = "<group>";
		};
		DADAAD082A2A41CF00704A76 /* Products */ = {
			isa = PBXGroup;
			children = (
				DADAAD072A2A41CF00704A76 /* Converter.app */,
				DADAAD1D2A2A41D000704A76 /* ConverterTests.xctest */,
				DADAAD272A2A41D000704A76 /* ConverterUITests.xctest */,
			);
			name = Products;
			sourceTree = "<group>";
		};
		DADAAD092A2A41CF00704A76 /* Converter */ = {
			isa = PBXGroup;
			children = (
				DADAAD0A2A2A41CF00704A76 /* AppDelegate.swift */,
				DADAAD0C2A2A41CF00704A76 /* SceneDelegate.swift */,
				DADAAD0E2A2A41CF00704A76 /* ViewController.swift */,
				DADAAD102A2A41CF00704A76 /* Main.storyboard */,
				DADAAD132A2A41D000704A76 /* Assets.xcassets */,
				DADAAD152A2A41D000704A76 /* LaunchScreen.storyboard */,
				DADAAD182A2A41D000704A76 /* Info.plist */,
			);
			path = Converter;
			sourceTree = "<group>";
		};
		DADAAD202A2A41D000704A76 /* ConverterTests */ = {
			isa = PBXGroup;
			children = (
				DADAAD212A2A41D000704A76 /* ConverterTests.swift */,
			);
			path = ConverterTests;
			sourceTree = "<group>";
		};
		DADAAD2A2A2A41D000704A76 /* ConverterUITests */ = {
			isa = PBXGroup;
			children = (
				DADAAD2B2A2A41D000704A76 /* ConverterUITests.swift */,
				DADAAD2D2A2A41D000704A76 /* ConverterUITestsLaunchTests.swift */,
			);
			path = ConverterUITests;
			sourceTree = "<group>";
		};
/* End PBXGroup section */

/* Begin PBXNativeTarget section */
		DADAAD062A2A41CF00704A76 /* Converter */ = {
			isa = PBXNativeTarget;
			buildConfigurationList = DADAAD312A2A41D000704A76 /* Build configuration list for PBXNativeTarget "Converter" */;
			buildPhases = (
				DADAAD032A2A41CF00704A76 /* Sources */,
				DADAAD042A2A41CF00704A76 /* Frameworks */,
				DADAAD052A2A41CF00704A76 /* Resources */,
			);
			buildRules = (
			);
			dependencies = (
			);
			name = Converter;
			productName = Converter;
			productReference = DADAAD072A2A41CF00704A76 /* Converter.app */;
			productType = "com.apple.product-type.application";
		};
		DADAAD1C2A2A41D000704A76 /* ConverterTests */ = {
			isa = PBXNativeTarget;
			buildConfigurationList = DADAAD342A2A41D000704A76 /* Build configuration list for PBXNativeTarget "ConverterTests" */;
			buildPhases = (
				DADAAD192A2A41D000704A76 /* Sources */,
				DADAAD1A2A2A41D000704A76 /* Frameworks */,
				DADAAD1B2A2A41D000704A76 /* Resources */,
			);
			buildRules = (
			);
			dependencies = (
				DADAAD1F2A2A41D000704A76 /* PBXTargetDependency */,
			);
			name = ConverterTests;
			productName = ConverterTests;
			productReference = DADAAD1D2A2A41D000704A76 /* ConverterTests.xctest */;
			productType = "com.apple.product-type.bundle.unit-test";
		};
		DADAAD262A2A41D000704A76 /* ConverterUITests */ = {
			isa = PBXNativeTarget;
			buildConfigurationList = DADAAD372A2A41D000704A76 /* Build configuration list for PBXNativeTarget "ConverterUITests" */;
			buildPhases = (
				DADAAD232A2A41D000704A76 /* Sources */,
				DADAAD242A2A41D000704A76 /* Frameworks */,
				DADAAD252A2A41D000704A76 /* Resources */,
			);
			buildRules = (
			);
			dependencies = (
				DADAAD292A2A41D000704A76 /* PBXTargetDependency */,
			);
			name = ConverterUITests;
			productName = ConverterUITests;
			productReference = DADAAD272A2A41D000704A76 /* ConverterUITests.xctest */;
			productType = "com.apple.product-type.bundle.ui-testing";
		};
/* End PBXNativeTarget section */

/* Begin PBXProject section */
		DADAACFF2A2A41CF00704A76 /* Project object */ = {
			isa = PBXProject;
			attributes = {
				BuildIndependentTargetsInParallel = 1;
				LastSwiftUpdateCheck = 1430;
				LastUpgradeCheck = 1430;
				TargetAttributes = {
					DADAAD062A2A41CF00704A76 = {
						CreatedOnToolsVersion = 14.3;
					};
					DADAAD1C2A2A41D000704A76 = {
						CreatedOnToolsVersion = 14.3;
						TestTargetID = DADAAD062A2A41CF00704A76;
					};
					DADAAD262A2A41D000704A76 = {
						CreatedOnToolsVersion = 14.3;
						TestTargetID = DADAAD062A2A41CF00704A76;
					};
				};
			};
			buildConfigurationList = DADAAD022A2A41CF00704A76 /* Build configuration list for PBXProject "Converter" */;
			compatibilityVersion = "Xcode 14.0";
			developmentRegion = en;
			hasScannedForEncodings = 0;
			knownRegions = (
				en,
				Base,
			);
			mainGroup = DADAACFE2A2A41CF00704A76;
			productRefGroup = DADAAD082A2A41CF00704A76 /* Products */;
			projectDirPath = "";
			projectRoot = "";
			targets = (
				DADAAD062A2A41CF00704A76 /* Converter */,
				DADAAD1C2A2A41D000704A76 /* ConverterTests */,
				DADAAD262A2A41D000704A76 /* ConverterUITests */,
			);
		};
/* End PBXProject section */

/* Begin PBXResourcesBuildPhase section */
		DADAAD052A2A41CF00704A76 /* Resources */ = {
			isa = PBXResourcesBuildPhase;
			buildActionMask = 2147483647;
			files = (
				DADAAD172A2A41D000704A76 /* LaunchScreen.storyboard in Resources */,
				DADAAD142A2A41D000704A76 /* Assets.xcassets in Resources */,
				DADAAD122A2A41CF00704A76 /* Main.storyboard in Resources */,
			);
			runOnlyForDeploymentPostprocessing = 0;
		};
		DADAAD1B2A2A41D000704A76 /* Resources */ = {
			isa = PBXResourcesBuildPhase;
			buildActionMask = 2147483647;
			files = (
			);
			runOnlyForDeploymentPostprocessing = 0;
		};
		DADAAD252A2A41D000704A76 /* Resources */ = {
			isa = PBXResourcesBuildPhase;
			buildActionMask = 2147483647;
			files = (
			);
			runOnlyForDeploymentPostprocessing = 0;
		};
/* End PBXResourcesBuildPhase section */

/* Begin PBXSourcesBuildPhase section */
		DADAAD032A2A41CF00704A76 /* Sources */ = {
			isa = PBXSourcesBuildPhase;
			buildActionMask = 2147483647;
			files = (
				DADAAD0F2A2A41CF00704A76 /* ViewController.swift in Sources */,
				DADAAD0B2A2A41CF00704A76 /* AppDelegate.swift in Sources */,
				DADAAD0D2A2A41CF00704A76 /* SceneDelegate.swift in Sources */,
			);
			runOnlyForDeploymentPostprocessing = 0;
		};
		DADAAD192A2A41D000704A76 /* Sources */ = {
			isa = PBXSourcesBuildPhase;
			buildActionMask = 2147483647;
			files = (
				DADAAD222A2A41D000704A76 /* ConverterTests.swift in Sources */,
			);
			runOnlyForDeploymentPostprocessing = 0;
		};
		DADAAD232A2A41D000704A76 /* Sources */ = {
			isa = PBXSourcesBuildPhase;
			buildActionMask = 2147483647;
			files = (
				DADAAD2C2A2A41D000704A76 /* ConverterUITests.swift in Sources */,
				DADAAD2E2A2A41D000704A76 /* ConverterUITestsLaunchTests.swift in Sources */,
			);
			runOnlyForDeploymentPostprocessing = 0;
		};
/* End PBXSourcesBuildPhase section */

/* Begin PBXTargetDependency section */
		DADAAD1F2A2A41D000704A76 /* PBXTargetDependency */ = {
			isa = PBXTargetDependency;
			target = DADAAD062A2A41CF00704A76 /* Converter */;
			targetProxy = DADAAD1E2A2A41D000704A76 /* PBXContainerItemProxy */;
		};
		DADAAD292A2A41D000704A76 /* PBXTargetDependency */ = {
			isa = PBXTargetDependency;
			target = DADAAD062A2A41CF00704A76 /* Converter */;
			targetProxy = DADAAD282A2A41D000704A76 /* PBXContainerItemProxy */;
		};
/* End PBXTargetDependency section */

/* Begin PBXVariantGroup section */
		DADAAD102A2A41CF00704A76 /* Main.storyboard */ = {
			isa = PBXVariantGroup;
			children = (
				DADAAD112A2A41CF00704A76 /* Base */,
			);
			name = Main.storyboard;
			sourceTree = "<group>";
		};
		DADAAD152A2A41D000704A76 /* LaunchScreen.storyboard */ = {
			isa = PBXVariantGroup;
			children = (
				DADAAD162A2A41D000704A76 /* Base */,
			);
			name = LaunchScreen.storyboard;
			sourceTree = "<group>";
		};
/* End PBXVariantGroup section */

/* Begin XCBuildConfiguration section */
		DADAAD2F2A2A41D000704A76 /* Debug */ = {
			isa = XCBuildConfiguration;
			buildSettings = {
				ALWAYS_SEARCH_USER_PATHS = NO;
				CLANG_ANALYZER_NONNULL = YES;
				CLANG_ANALYZER_NUMBER_OBJECT_CONVERSION = YES_AGGRESSIVE;
				CLANG_CXX_LANGUAGE_STANDARD = "gnu++20";
				CLANG_ENABLE_MODULES = YES;
				CLANG_ENABLE_OBJC_ARC = YES;
				CLANG_ENABLE_OBJC_WEAK = YES;
				CLANG_WARN_BLOCK_CAPTURE_AUTORELEASING = YES;
				CLANG_WARN_BOOL_CONVERSION = YES;
				CLANG_WARN_COMMA = YES;
				CLANG_WARN_CONSTANT_CONVERSION = YES;
				CLANG_WARN_DEPRECATED_OBJC_IMPLEMENTATIONS = YES;
				CLANG_WARN_DIRECT_OBJC_ISA_USAGE = YES_ERROR;
				CLANG_WARN_DOCUMENTATION_COMMENTS = YES;
				CLANG_WARN_EMPTY_BODY = YES;
				CLANG_WARN_ENUM_CONVERSION = YES;
				CLANG_WARN_INFINITE_RECURSION = YES;
				CLANG_WARN_INT_CONVERSION = YES;
				CLANG_WARN_NON_LITERAL_NULL_CONVERSION = YES;
				CLANG_WARN_OBJC_IMPLICIT_RETAIN_SELF = YES;
				CLANG_WARN_OBJC_LITERAL_CONVERSION = YES;
				CLANG_WARN_OBJC_ROOT_CLASS = YES_ERROR;
				CLANG_WARN_QUOTED_INCLUDE_IN_FRAMEWORK_HEADER = YES;
				CLANG_WARN_RANGE_LOOP_ANALYSIS = YES;
				CLANG_WARN_STRICT_PROTOTYPES = YES;
				CLANG_WARN_SUSPICIOUS_MOVE = YES;
				CLANG_WARN_UNGUARDED_AVAILABILITY = YES_AGGRESSIVE;
				CLANG_WARN_UNREACHABLE_CODE = YES;
				CLANG_WARN__DUPLICATE_METHOD_MATCH = YES;
				COPY_PHASE_STRIP = NO;
				DEBUG_INFORMATION_FORMAT = dwarf;
				ENABLE_STRICT_OBJC_MSGSEND = YES;
				ENABLE_TESTABILITY = YES;
				GCC_C_LANGUAGE_STANDARD = gnu11;
				GCC_DYNAMIC_NO_PIC = NO;
				GCC_NO_COMMON_BLOCKS = YES;
				GCC_OPTIMIZATION_LEVEL = 0;
				GCC_PREPROCESSOR_DEFINITIONS = (
					"DEBUG=1",
					"$(inherited)",
				);
				GCC_WARN_64_TO_32_BIT_CONVERSION = YES;
				GCC_WARN_ABOUT_RETURN_TYPE = YES_ERROR;
				GCC_WARN_UNDECLARED_SELECTOR = YES;
				GCC_WARN_UNINITIALIZED_AUTOS = YES_AGGRESSIVE;
				GCC_WARN_UNUSED_FUNCTION = YES;
				GCC_WARN_UNUSED_VARIABLE = YES;
				IPHONEOS_DEPLOYMENT_TARGET = 16.4;
				MTL_ENABLE_DEBUG_INFO = INCLUDE_SOURCE;
				MTL_FAST_MATH = YES;
				ONLY_ACTIVE_ARCH = YES;
				SDKROOT = iphoneos;
				SWIFT_ACTIVE_COMPILATION_CONDITIONS = DEBUG;
				SWIFT_OPTIMIZATION_LEVEL = "-Onone";
			};
			name = Debug;
		};
		DADAAD302A2A41D000704A76 /* Release */ = {
			isa = XCBuildConfiguration;
			buildSettings = {
				ALWAYS_SEARCH_USER_PATHS = NO;
				CLANG_ANALYZER_NONNULL = YES;
				CLANG_ANALYZER_NUMBER_OBJECT_CONVERSION = YES_AGGRESSIVE;
				CLANG_CXX_LANGUAGE_STANDARD = "gnu++20";
				CLANG_ENABLE_MODULES = YES;
				CLANG_ENABLE_OBJC_ARC = YES;
				CLANG_ENABLE_OBJC_WEAK = YES;
				CLANG_WARN_BLOCK_CAPTURE_AUTORELEASING = YES;
				CLANG_WARN_BOOL_CONVERSION = YES;
				CLANG_WARN_COMMA = YES;
				CLANG_WARN_CONSTANT_CONVERSION = YES;
				CLANG_WARN_DEPRECATED_OBJC_IMPLEMENTATIONS = YES;
				CLANG_WARN_DIRECT_OBJC_ISA_USAGE = YES_ERROR;
				CLANG_WARN_DOCUMENTATION_COMMENTS = YES;
				CLANG_WARN_EMPTY_BODY = YES;
				CLANG_WARN_ENUM_CONVERSION = YES;
				CLANG_WARN_INFINITE_RECURSION = YES;
				CLANG_WARN_INT_CONVERSION = YES;
				CLANG_WARN_NON_LITERAL_NULL_CONVERSION = YES;
				CLANG_WARN_OBJC_IMPLICIT_RETAIN_SELF = YES;
				CLANG_WARN_OBJC_LITERAL_CONVERSION = YES;
				CLANG_WARN_OBJC_ROOT_CLASS = YES_ERROR;
				CLANG_WARN_QUOTED_INCLUDE_IN_FRAMEWORK_HEADER = YES;
				CLANG_WARN_RANGE_LOOP_ANALYSIS = YES;
				CLANG_WARN_STRICT_PROTOTYPES = YES;
				CLANG_WARN_SUSPICIOUS_MOVE = YES;
				CLANG_WARN_UNGUARDED_AVAILABILITY = YES_AGGRESSIVE;
				CLANG_WARN_UNREACHABLE_CODE = YES;
				CLANG_WARN__DUPLICATE_METHOD_MATCH = YES;
				COPY_PHASE_STRIP = NO;
				DEBUG_INFORMATION_FORMAT = "dwarf-with-dsym";
				ENABLE_NS_ASSERTIONS = NO;
				ENABLE_STRICT_OBJC_MSGSEND = YES;
				GCC_C_LANGUAGE_STANDARD = gnu11;
				GCC_NO_COMMON_BLOCKS = YES;
				GCC_WARN_64_TO_32_BIT_CONVERSION = YES;
				GCC_WARN_ABOUT_RETURN_TYPE = YES_ERROR;
				GCC_WARN_UNDECLARED_SELECTOR = YES;
				GCC_WARN_UNINITIALIZED_AUTOS = YES_AGGRESSIVE;
				GCC_WARN_UNUSED_FUNCTION = YES;
				GCC_WARN_UNUSED_VARIABLE = YES;
				IPHONEOS_DEPLOYMENT_TARGET = 16.4;
				MTL_ENABLE_DEBUG_INFO = NO;
				MTL_FAST_MATH = YES;
				SDKROOT = iphoneos;
				SWIFT_COMPILATION_MODE = wholemodule;
				SWIFT_OPTIMIZATION_LEVEL = "-O";
				VALIDATE_PRODUCT = YES;
			};
			name = Release;
		};
		DADAAD322A2A41D000704A76 /* Debug */ = {
			isa = XCBuildConfiguration;
			buildSettings = {
				ASSETCATALOG_COMPILER_APPICON_NAME = AppIcon;
				ASSETCATALOG_COMPILER_GLOBAL_ACCENT_COLOR_NAME = AccentColor;
				CODE_SIGN_STYLE = Automatic;
				CURRENT_PROJECT_VERSION = 1;
				DEVELOPMENT_TEAM = HLZY6MSJKT;
				GENERATE_INFOPLIST_FILE = YES;
				INFOPLIST_FILE = Converter/Info.plist;
				INFOPLIST_KEY_UIApplicationSupportsIndirectInputEvents = YES;
				INFOPLIST_KEY_UILaunchStoryboardName = LaunchScreen;
				INFOPLIST_KEY_UIMainStoryboardFile = Main;
				INFOPLIST_KEY_UISupportedInterfaceOrientations_iPad = "UIInterfaceOrientationPortrait UIInterfaceOrientationPortraitUpsideDown UIInterfaceOrientationLandscapeLeft UIInterfaceOrientationLandscapeRight";
				INFOPLIST_KEY_UISupportedInterfaceOrientations_iPhone = "UIInterfaceOrientationPortrait UIInterfaceOrientationLandscapeLeft UIInterfaceOrientationLandscapeRight";
				LD_RUNPATH_SEARCH_PATHS = (
					"$(inherited)",
					"@executable_path/Frameworks",
				);
				MARKETING_VERSION = 1.0;
				PRODUCT_BUNDLE_IDENTIFIER = com.xezom.Converter;
				PRODUCT_NAME = "$(TARGET_NAME)";
				SWIFT_EMIT_LOC_STRINGS = YES;
				SWIFT_VERSION = 5.0;
				TARGETED_DEVICE_FAMILY = "1,2";
			};
			name = Debug;
		};
		DADAAD332A2A41D000704A76 /* Release */ = {
			isa = XCBuildConfiguration;
			buildSettings = {
				ASSETCATALOG_COMPILER_APPICON_NAME = AppIcon;
				ASSETCATALOG_COMPILER_GLOBAL_ACCENT_COLOR_NAME = AccentColor;
				CODE_SIGN_STYLE = Automatic;
				CURRENT_PROJECT_VERSION = 1;
				DEVELOPMENT_TEAM = HLZY6MSJKT;
				GENERATE_INFOPLIST_FILE = YES;
				INFOPLIST_FILE = Converter/Info.plist;
				INFOPLIST_KEY_UIApplicationSupportsIndirectInputEvents = YES;
				INFOPLIST_KEY_UILaunchStoryboardName = LaunchScreen;
				INFOPLIST_KEY_UIMainStoryboardFile = Main;
				INFOPLIST_KEY_UISupportedInterfaceOrientations_iPad = "UIInterfaceOrientationPortrait UIInterfaceOrientationPortraitUpsideDown UIInterfaceOrientationLandscapeLeft UIInterfaceOrientationLandscapeRight";
				INFOPLIST_KEY_UISupportedInterfaceOrientations_iPhone = "UIInterfaceOrientationPortrait UIInterfaceOrientationLandscapeLeft UIInterfaceOrientationLandscapeRight";
				LD_RUNPATH_SEARCH_PATHS = (
					"$(inherited)",
					"@executable_path/Frameworks",
				);
				MARKETING_VERSION = 1.0;
				PRODUCT_BUNDLE_IDENTIFIER = com.xezom.Converter;
				PRODUCT_NAME = "$(TARGET_NAME)";
				SWIFT_EMIT_LOC_STRINGS = YES;
				SWIFT_VERSION = 5.0;
				TARGETED_DEVICE_FAMILY = "1,2";
			};
			name = Release;
		};
		DADAAD352A2A41D000704A76 /* Debug */ = {
			isa = XCBuildConfiguration;
			buildSettings = {
				ALWAYS_EMBED_SWIFT_STANDARD_LIBRARIES = YES;
				BUNDLE_LOADER = "$(TEST_HOST)";
				CODE_SIGN_STYLE = Automatic;
				CURRENT_PROJECT_VERSION = 1;
				DEVELOPMENT_TEAM = HLZY6MSJKT;
				GENERATE_INFOPLIST_FILE = YES;
				IPHONEOS_DEPLOYMENT_TARGET = 16.4;
				MARKETING_VERSION = 1.0;
				PRODUCT_BUNDLE_IDENTIFIER = com.xezom.ConverterTests;
				PRODUCT_NAME = "$(TARGET_NAME)";
				SWIFT_EMIT_LOC_STRINGS = NO;
				SWIFT_VERSION = 5.0;
				TARGETED_DEVICE_FAMILY = "1,2";
				TEST_HOST = "$(BUILT_PRODUCTS_DIR)/Converter.app/$(BUNDLE_EXECUTABLE_FOLDER_PATH)/Converter";
			};
			name = Debug;
		};
		DADAAD362A2A41D000704A76 /* Release */ = {
			isa = XCBuildConfiguration;
			buildSettings = {
				ALWAYS_EMBED_SWIFT_STANDARD_LIBRARIES = YES;
				BUNDLE_LOADER = "$(TEST_HOST)";
				CODE_SIGN_STYLE = Automatic;
				CURRENT_PROJECT_VERSION = 1;
				DEVELOPMENT_TEAM = HLZY6MSJKT;
				GENERATE_INFOPLIST_FILE = YES;
				IPHONEOS_DEPLOYMENT_TARGET = 16.4;
				MARKETING_VERSION = 1.0;
				PRODUCT_BUNDLE_IDENTIFIER = com.xezom.ConverterTests;
				PRODUCT_NAME = "$(TARGET_NAME)";
				SWIFT_EMIT_LOC_STRINGS = NO;
				SWIFT_VERSION = 5.0;
				TARGETED_DEVICE_FAMILY = "1,2";
				TEST_HOST = "$(BUILT_PRODUCTS_DIR)/Converter.app/$(BUNDLE_EXECUTABLE_FOLDER_PATH)/Converter";
			};
			name = Release;
		};
		DADAAD382A2A41D000704A76 /* Debug */ = {
			isa = XCBuildConfiguration;
			buildSettings = {
				ALWAYS_EMBED_SWIFT_STANDARD_LIBRARIES = YES;
				CODE_SIGN_STYLE = Automatic;
				CURRENT_PROJECT_VERSION = 1;
				DEVELOPMENT_TEAM = HLZY6MSJKT;
				GENERATE_INFOPLIST_FILE = YES;
				MARKETING_VERSION = 1.0;
				PRODUCT_BUNDLE_IDENTIFIER = com.xezom.ConverterUITests;
				PRODUCT_NAME = "$(TARGET_NAME)";
				SWIFT_EMIT_LOC_STRINGS = NO;
				SWIFT_VERSION = 5.0;
				TARGETED_DEVICE_FAMILY = "1,2";
				TEST_TARGET_NAME = Converter;
			};
			name = Debug;
		};
		DADAAD392A2A41D000704A76 /* Release */ = {
			isa = XCBuildConfiguration;
			buildSettings = {
				ALWAYS_EMBED_SWIFT_STANDARD_LIBRARIES = YES;
				CODE_SIGN_STYLE = Automatic;
				CURRENT_PROJECT_VERSION = 1;
				DEVELOPMENT_TEAM = HLZY6MSJKT;
				GENERATE_INFOPLIST_FILE = YES;
				MARKETING_VERSION = 1.0;
				PRODUCT_BUNDLE_IDENTIFIER = com.xezom.ConverterUITests;
				PRODUCT_NAME = "$(TARGET_NAME)";
				SWIFT_EMIT_LOC_STRINGS = NO;
				SWIFT_VERSION = 5.0;
				TARGETED_DEVICE_FAMILY = "1,2";
				TEST_TARGET_NAME = Converter;
			};
			name = Release;
		};
/* End XCBuildConfiguration section */

/* Begin XCConfigurationList section */
		DADAAD022A2A41CF00704A76 /* Build configuration list for PBXProject "Converter" */ = {
			isa = XCConfigurationList;
			buildConfigurations = (
				DADAAD2F2A2A41D000704A76 /* Debug */,
				DADAAD302A2A41D000704A76 /* Release */,
			);
			defaultConfigurationIsVisible = 0;
			defaultConfigurationName = Release;
		};
		DADAAD312A2A41D000704A76 /* Build configuration list for PBXNativeTarget "Converter" */ = {
			isa = XCConfigurationList;
			buildConfigurations = (
				DADAAD322A2A41D000704A76 /* Debug */,
				DADAAD332A2A41D000704A76 /* Release */,
			);
			defaultConfigurationIsVisible = 0;
			defaultConfigurationName = Release;
		};
		DADAAD342A2A41D000704A76 /* Build configuration list for PBXNativeTarget "ConverterTests" */ = {
			isa = XCConfigurationList;
			buildConfigurations = (
				DADAAD352A2A41D000704A76 /* Debug */,
				DADAAD362A2A41D000704A76 /* Release */,
			);
			defaultConfigurationIsVisible = 0;
			defaultConfigurationName = Release;
		};
		DADAAD372A2A41D000704A76 /* Build configuration list for PBXNativeTarget "ConverterUITests" */ = {
			isa = XCConfigurationList;
			buildConfigurations = (
				DADAAD382A2A41D000704A76 /* Debug */,
				DADAAD392A2A41D000704A76 /* Release */,
			);
			defaultConfigurationIsVisible = 0;
			defaultConfigurationName = Release;
		};
/* End XCConfigurationList section */
	};
	rootObject = DADAACFF2A2A41CF00704A76 /* Project object */;
}
